# THIS IS AN AUTOGENERATED FILE. DO NOT EDIT THIS FILE DIRECTLY.
# yarn lockfile v1


vue-material@^1.0.0-beta-10.2:
  version "1.0.0-beta-10.2"
  resolved "https://registry.yarnpkg.com/vue-material/-/vue-material-1.0.0-beta-10.2.tgz#c3effea97e0c5a0c696b0051d5ef9c6e6cf2a5ed"

vue-web-cam@^1.0.4:
  version "1.0.4"
  resolved "https://registry.yarnpkg.com/vue-web-cam/-/vue-web-cam-1.0.4.tgz#4ca41a3fb1bd3147320fc22d3259cf98657ca979"
  dependencies:
    vue "^2.4.2"

vue@^2.4.2:
  version "2.5.16"
  resolved "https://registry.yarnpkg.com/vue/-/vue-2.5.16.tgz#07edb75e8412aaeed871ebafa99f4672584a0085"
